// !$*UTF8*$!
{
	archiveVersion = 1;
	classes = {
	};
	objectVersion = 46;
	objects = {

/* Begin PBXBuildFile section */
		CAC00D1C1C9369F100044541 /* AppDelegate.swift in Sources */ = {isa = PBXBuildFile; fileRef = CAC00D1B1C9369F100044541 /* AppDelegate.swift */; };
		CAC00D1E1C9369F100044541 /* ViewController.swift in Sources */ = {isa = PBXBuildFile; fileRef = CAC00D1D1C9369F100044541 /* ViewController.swift */; };
		CAC00D201C9369F100044541 /* Assets.xcassets in Resources */ = {isa = PBXBuildFile; fileRef = CAC00D1F1C9369F100044541 /* Assets.xcassets */; };
		CAC00D231C9369F100044541 /* Main.storyboard in Resources */ = {isa = PBXBuildFile; fileRef = CAC00D211C9369F100044541 /* Main.storyboard */; };
		CAC00D2B1C936A6700044541 /* NumberScrollView.swift in Sources */ = {isa = PBXBuildFile; fileRef = CAC00D2A1C936A6700044541 /* NumberScrollView.swift */; };
		CAC00D2D1C93732200044541 /* NumberScrollViewParametersViewController.swift in Sources */ = {isa = PBXBuildFile; fileRef = CAC00D2C1C93732200044541 /* NumberScrollViewParametersViewController.swift */; };
		CAFDF2FA1C93A19300A99B84 /* AnimationCurveEditor.swift in Sources */ = {isa = PBXBuildFile; fileRef = CAFDF2F91C93A19300A99B84 /* AnimationCurveEditor.swift */; };
/* End PBXBuildFile section */

/* Begin PBXFileReference section */
		CAC00D181C9369F100044541 /* TRZNumberScrollViewDemoOSX.app */ = {isa = PBXFileReference; explicitFileType = wrapper.application; includeInIndex = 0; path = TRZNumberScrollViewDemoOSX.app; sourceTree = BUILT_PRODUCTS_DIR; };
		CAC00D1B1C9369F100044541 /* AppDelegate.swift */ = {isa = PBXFileReference; lastKnownFileType = sourcecode.swift; path = AppDelegate.swift; sourceTree = "<group>"; };
		CAC00D1D1C9369F100044541 /* ViewController.swift */ = {isa = PBXFileReference; lastKnownFileType = sourcecode.swift; path = ViewController.swift; sourceTree = "<group>"; };
		CAC00D1F1C9369F100044541 /* Assets.xcassets */ = {isa = PBXFileReference; lastKnownFileType = folder.assetcatalog; path = Assets.xcassets; sourceTree = "<group>"; };
		CAC00D221C9369F100044541 /* Base */ = {isa = PBXFileReference; lastKnownFileType = file.storyboard; name = Base; path = Base.lproj/Main.storyboard; sourceTree = "<group>"; };
		CAC00D241C9369F100044541 /* Info.plist */ = {isa = PBXFileReference; lastKnownFileType = text.plist.xml; path = Info.plist; sourceTree = "<group>"; };
		CAC00D2A1C936A6700044541 /* NumberScrollView.swift */ = {isa = PBXFileReference; fileEncoding = 4; lastKnownFileType = sourcecode.swift; path = NumberScrollView.swift; sourceTree = "<group>"; };
		CAC00D2C1C93732200044541 /* NumberScrollViewParametersViewController.swift */ = {isa = PBXFileReference; fileEncoding = 4; lastKnownFileType = sourcecode.swift; path = NumberScrollViewParametersViewController.swift; sourceTree = "<group>"; };
		CAFDF2F91C93A19300A99B84 /* AnimationCurveEditor.swift */ = {isa = PBXFileReference; fileEncoding = 4; lastKnownFileType = sourcecode.swift; path = AnimationCurveEditor.swift; sourceTree = "<group>"; };
/* End PBXFileReference section */

/* Begin PBXFrameworksBuildPhase section */
		CAC00D151C9369F100044541 /* Frameworks */ = {
			isa = PBXFrameworksBuildPhase;
			buildActionMask = 2147483647;
			files = (
			);
			runOnlyForDeploymentPostprocessing = 0;
		};
/* End PBXFrameworksBuildPhase section */

/* Begin PBXGroup section */
		CAC00D0F1C9369F100044541 = {
			isa = PBXGroup;
			children = (
				CAC00D2A1C936A6700044541 /* NumberScrollView.swift */,
				CAC00D1A1C9369F100044541 /* TRZNumberScrollViewDemoOSX */,
				CAC00D191C9369F100044541 /* Products */,
			);
			sourceTree = "<group>";
		};
		CAC00D191C9369F100044541 /* Products */ = {
			isa = PBXGroup;
			children = (
				CAC00D181C9369F100044541 /* TRZNumberScrollViewDemoOSX.app */,
			);
			name = Products;
			sourceTree = "<group>";
		};
		CAC00D1A1C9369F100044541 /* TRZNumberScrollViewDemoOSX */ = {
			isa = PBXGroup;
			children = (
				CAC00D1B1C9369F100044541 /* AppDelegate.swift */,
				CAC00D1D1C9369F100044541 /* ViewController.swift */,
				CAC00D1F1C9369F100044541 /* Assets.xcassets */,
				CAC00D211C9369F100044541 /* Main.storyboard */,
				CAFDF2F91C93A19300A99B84 /* AnimationCurveEditor.swift */,
				CAC00D2C1C93732200044541 /* NumberScrollViewParametersViewController.swift */,
				CAC00D241C9369F100044541 /* Info.plist */,
			);
			path = TRZNumberScrollViewDemoOSX;
			sourceTree = "<group>";
		};
/* End PBXGroup section */

/* Begin PBXNativeTarget section */
		CAC00D171C9369F100044541 /* TRZNumberScrollViewDemoOSX */ = {
			isa = PBXNativeTarget;
			buildConfigurationList = CAC00D271C9369F100044541 /* Build configuration list for PBXNativeTarget "TRZNumberScrollViewDemoOSX" */;
			buildPhases = (
				CAC00D141C9369F100044541 /* Sources */,
				CAC00D151C9369F100044541 /* Frameworks */,
				CAC00D161C9369F100044541 /* Resources */,
			);
			buildRules = (
			);
			dependencies = (
			);
			name = TRZNumberScrollViewDemoOSX;
			productName = TRZNumberScrollViewDemoOSX;
			productReference = CAC00D181C9369F100044541 /* TRZNumberScrollViewDemoOSX.app */;
			productType = "com.apple.product-type.application";
		};
/* End PBXNativeTarget section */

/* Begin PBXProject section */
		CAC00D101C9369F100044541 /* Project object */ = {
			isa = PBXProject;
			attributes = {
				LastSwiftUpdateCheck = 0720;
				LastUpgradeCheck = 0720;
				ORGANIZATIONNAME = "Thomas Zhao";
				TargetAttributes = {
					CAC00D171C9369F100044541 = {
						CreatedOnToolsVersion = 7.2.1;
					};
				};
			};
			buildConfigurationList = CAC00D131C9369F100044541 /* Build configuration list for PBXProject "TRZNumberScrollViewDemoOSX" */;
			compatibilityVersion = "Xcode 3.2";
			developmentRegion = English;
			hasScannedForEncodings = 0;
			knownRegions = (
				en,
				Base,
			);
			mainGroup = CAC00D0F1C9369F100044541;
			productRefGroup = CAC00D191C9369F100044541 /* Products */;
			projectDirPath = "";
			projectRoot = "";
			targets = (
				CAC00D171C9369F100044541 /* TRZNumberScrollViewDemoOSX */,
			);
		};
/* End PBXProject section */

/* Begin PBXResourcesBuildPhase section */
		CAC00D161C9369F100044541 /* Resources */ = {
			isa = PBXResourcesBuildPhase;
			buildActionMask = 2147483647;
			files = (
				CAC00D201C9369F100044541 /* Assets.xcassets in Resources */,
				CAC00D231C9369F100044541 /* Main.storyboard in Resources */,
			);
			runOnlyForDeploymentPostprocessing = 0;
		};
/* End PBXResourcesBuildPhase section */

/* Begin PBXSourcesBuildPhase section */
		CAC00D141C9369F100044541 /* Sources */ = {
			isa = PBXSourcesBuildPhase;
			buildActionMask = 2147483647;
			files = (
				CAC00D2B1C936A6700044541 /* NumberScrollView.swift in Sources */,
				CAC00D1E1C9369F100044541 /* ViewController.swift in Sources */,
				CAC00D1C1C9369F100044541 /* AppDelegate.swift in Sources */,
				CAC00D2D1C93732200044541 /* NumberScrollViewParametersViewController.swift in Sources */,
				CAFDF2FA1C93A19300A99B84 /* AnimationCurveEditor.swift in Sources */,
			);
			runOnlyForDeploymentPostprocessing = 0;
		};
/* End PBXSourcesBuildPhase section */

/* Begin PBXVariantGroup section */
		CAC00D211C9369F100044541 /* Main.storyboard */ = {
			isa = PBXVariantGroup;
			children = (
				CAC00D221C9369F100044541 /* Base */,
			);
			name = Main.storyboard;
			sourceTree = "<group>";
		};
/* End PBXVariantGroup section */

/* Begin XCBuildConfiguration section */
		CAC00D251C9369F100044541 /* Debug */ = {
			isa = XCBuildConfiguration;
			buildSettings = {
				ALWAYS_SEARCH_USER_PATHS = NO;
				CLANG_CXX_LANGUAGE_STANDARD = "gnu++0x";
				CLANG_CXX_LIBRARY = "libc++";
				CLANG_ENABLE_MODULES = YES;
				CLANG_ENABLE_OBJC_ARC = YES;
				CLANG_WARN_BOOL_CONVERSION = YES;
				CLANG_WARN_CONSTANT_CONVERSION = YES;
				CLANG_WARN_DIRECT_OBJC_ISA_USAGE = YES_ERROR;
				CLANG_WARN_EMPTY_BODY = YES;
				CLANG_WARN_ENUM_CONVERSION = YES;
				CLANG_WARN_INT_CONVERSION = YES;
				CLANG_WARN_OBJC_ROOT_CLASS = YES_ERROR;
				CLANG_WARN_UNREACHABLE_CODE = YES;
				CLANG_WARN__DUPLICATE_METHOD_MATCH = YES;
				CODE_SIGN_IDENTITY = "-";
				COPY_PHASE_STRIP = NO;
				DEBUG_INFORMATION_FORMAT = dwarf;
				ENABLE_STRICT_OBJC_MSGSEND = YES;
				ENABLE_TESTABILITY = YES;
				GCC_C_LANGUAGE_STANDARD = gnu99;
				GCC_DYNAMIC_NO_PIC = NO;
				GCC_NO_COMMON_BLOCKS = YES;
				GCC_OPTIMIZATION_LEVEL = 0;
				GCC_PREPROCESSOR_DEFINITIONS = (
					"DEBUG=1",
					"$(inherited)",
				);
				GCC_WARN_64_TO_32_BIT_CONVERSION = YES;
				GCC_WARN_ABOUT_RETURN_TYPE = YES_ERROR;
				GCC_WARN_UNDECLARED_SELECTOR = YES;
				GCC_WARN_UNINITIALIZED_AUTOS = YES_AGGRESSIVE;
				GCC_WARN_UNUSED_FUNCTION = YES;
				GCC_WARN_UNUSED_VARIABLE = YES;
				MACOSX_DEPLOYMENT_TARGET = 10.11;
				MTL_ENABLE_DEBUG_INFO = YES;
				ONLY_ACTIVE_ARCH = YES;
				SDKROOT = macosx;
				SWIFT_OPTIMIZATION_LEVEL = "-Onone";
			};
			name = Debug;
		};
		CAC00D261C9369F100044541 /* Release */ = {
			isa = XCBuildConfiguration;
			buildSettings = {
				ALWAYS_SEARCH_USER_PATHS = NO;
				CLANG_CXX_LANGUAGE_STANDARD = "gnu++0x";
				CLANG_CXX_LIBRARY = "libc++";
				CLANG_ENABLE_MODULES = YES;
				CLANG_ENABLE_OBJC_ARC = YES;
				CLANG_WARN_BOOL_CONVERSION = YES;
				CLANG_WARN_CONSTANT_CONVERSION = YES;
				CLANG_WARN_DIRECT_OBJC_ISA_USAGE = YES_ERROR;
				CLANG_WARN_EMPTY_BODY = YES;
				CLANG_WARN_ENUM_CONVERSION = YES;
				CLANG_WARN_INT_CONVERSION = YES;
				CLANG_WARN_OBJC_ROOT_CLASS = YES_ERROR;
				CLANG_WARN_UNREACHABLE_CODE = YES;
				CLANG_WARN__DUPLICATE_METHOD_MATCH = YES;
				CODE_SIGN_IDENTITY = "-";
				COPY_PHASE_STRIP = NO;
				DEBUG_INFORMATION_FORMAT = "dwarf-with-dsym";
				ENABLE_NS_ASSERTIONS = NO;
				ENABLE_STRICT_OBJC_MSGSEND = YES;
				GCC_C_LANGUAGE_STANDARD = gnu99;
				GCC_NO_COMMON_BLOCKS = YES;
				GCC_WARN_64_TO_32_BIT_CONVERSION = YES;
				GCC_WARN_ABOUT_RETURN_TYPE = YES_ERROR;
				GCC_WARN_UNDECLARED_SELECTOR = YES;
				GCC_WARN_UNINITIALIZED_AUTOS = YES_AGGRESSIVE;
				GCC_WARN_UNUSED_FUNCTION = YES;
				GCC_WARN_UNUSED_VARIABLE = YES;
				MACOSX_DEPLOYMENT_TARGET = 10.11;
				MTL_ENABLE_DEBUG_INFO = NO;
				SDKROOT = macosx;
			};
			name = Release;
		};
		CAC00D281C9369F100044541 /* Debug */ = {
			isa = XCBuildConfiguration;
			buildSettings = {
				ASSETCATALOG_COMPILER_APPICON_NAME = AppIcon;
				COMBINE_HIDPI_IMAGES = YES;
				INFOPLIST_FILE = TRZNumberScrollViewDemoOSX/Info.plist;
				LD_RUNPATH_SEARCH_PATHS = "$(inherited) @executable_path/../Frameworks";
				MACOSX_DEPLOYMENT_TARGET = 10.10;
				PRODUCT_BUNDLE_IDENTIFIER = com.thomasrzhao.TRZNumberScrollViewDemoOSX;
				PRODUCT_NAME = "$(TARGET_NAME)";
			};
			name = Debug;
		};
		CAC00D291C9369F100044541 /* Release */ = {
			isa = XCBuildConfiguration;
			buildSettings = {
				ASSETCATALOG_COMPILER_APPICON_NAME = AppIcon;
				COMBINE_HIDPI_IMAGES = YES;
				INFOPLIST_FILE = TRZNumberScrollViewDemoOSX/Info.plist;
				LD_RUNPATH_SEARCH_PATHS = "$(inherited) @executable_path/../Frameworks";
				MACOSX_DEPLOYMENT_TARGET = 10.10;
				PRODUCT_BUNDLE_IDENTIFIER = com.thomasrzhao.TRZNumberScrollViewDemoOSX;
				PRODUCT_NAME = "$(TARGET_NAME)";
			};
			name = Release;
		};
/* End XCBuildConfiguration section */

/* Begin XCConfigurationList section */
		CAC00D131C9369F100044541 /* Build configuration list for PBXProject "TRZNumberScrollViewDemoOSX" */ = {
			isa = XCConfigurationList;
			buildConfigurations = (
				CAC00D251C9369F100044541 /* Debug */,
				CAC00D261C9369F100044541 /* Release */,
			);
			defaultConfigurationIsVisible = 0;
			defaultConfigurationName = Release;
		};
		CAC00D271C9369F100044541 /* Build configuration list for PBXNativeTarget "TRZNumberScrollViewDemoOSX" */ = {
			isa = XCConfigurationList;
			buildConfigurations = (
				CAC00D281C9369F100044541 /* Debug */,
				CAC00D291C9369F100044541 /* Release */,
			);
			defaultConfigurationIsVisible = 0;
			defaultConfigurationName = Release;
		};
/* End XCConfigurationList section */
	};
	rootObject = CAC00D101C9369F100044541 /* Project object */;
}
